
Microsoft Visual Studio Solution File, Format Version 12.00
# Visual Studio Version 16
VisualStudioVersion = 16.0.34031.81
MinimumVisualStudioVersion = 10.0.40219.1
Project("{FAE04EC0-301F-11D3-BF4B-00C04F79EFBC}") = "BlogPersonal", "BlogPersonal.csproj", "{A365C66A-A61E-49EC-A6C9-8CB37B0DA957}"
EndProject
Global
	GlobalSection(SolutionConfigurationPlatforms) = preSolution
		Debug|Any CPU = Debug|Any CPU
		Release|Any CPU = Release|Any CPU
	EndGlobalSection
	GlobalSection(ProjectConfigurationPlatforms) = postSolution
		{A365C66A-A61E-49EC-A6C9-8CB37B0DA957}.Debug|Any CPU.ActiveCfg = Debug|Any CPU
		{A365C66A-A61E-49EC-A6C9-8CB37B0DA957}.Debug|Any CPU.Build.0 = Debug|Any CPU
		{A365C66A-A61E-49EC-A6C9-8CB37B0DA957}.Release|Any CPU.ActiveCfg = Release|Any CPU
		{A365C66A-A61E-49EC-A6C9-8CB37B0DA957}.Release|Any CPU.Build.0 = Release|Any CPU
	EndGlobalSection
	GlobalSection(SolutionProperties) = preSolution
		HideSolutionNode = FALSE
	EndGlobalSection
	GlobalSection(ExtensibilityGlobals) = postSolution
		SolutionGuid = {4DE35FAE-2D6F-4C72-8993-A0E4DAF1ED4A}
	EndGlobalSection
EndGlobal
